
Microsoft Visual Studio Solution File, Format Version 12.00
# Visual Studio Version 16
VisualStudioVersion = 16.0.31911.196
MinimumVisualStudioVersion = 10.0.40219.1
Project("{9A19103F-16F7-4668-BE54-9A1E7A4F7556}") = "WLRegisterDataWebsite.Module", "WLRegisterDataWebsite.Module\WLRegisterDataWebsite.Module.csproj", "{46D1576C-8B00-4F55-B60D-3BE60A51CA5F}"
EndProject
Project("{9A19103F-16F7-4668-BE54-9A1E7A4F7556}") = "WLRegisterDataWebsite.Module.Blazor", "WLRegisterDataWebsite.Module.Blazor\WLRegisterDataWebsite.Module.Blazor.csproj", "{7AEB7A9D-08BD-4343-8261-F58A0C8878B3}"
EndProject
Project("{9A19103F-16F7-4668-BE54-9A1E7A4F7556}") = "WLRegisterDataWebsite.Blazor.Server", "WLRegisterDataWebsite.Blazor.Server\WLRegisterDataWebsite.Blazor.Server.csproj", "{3E8A648D-53C3-4E76-939A-DD129550404C}"
EndProject
Global
	GlobalSection(SolutionConfigurationPlatforms) = preSolution
		Debug|Any CPU = Debug|Any CPU
		EasyTest|Any CPU = EasyTest|Any CPU
		Release|Any CPU = Release|Any CPU
	EndGlobalSection
	GlobalSection(ProjectConfigurationPlatforms) = postSolution
		{46D1576C-8B00-4F55-B60D-3BE60A51CA5F}.Debug|Any CPU.ActiveCfg = Debug|Any CPU
		{46D1576C-8B00-4F55-B60D-3BE60A51CA5F}.Debug|Any CPU.Build.0 = Debug|Any CPU
		{46D1576C-8B00-4F55-B60D-3BE60A51CA5F}.EasyTest|Any CPU.ActiveCfg = EasyTest|Any CPU
		{46D1576C-8B00-4F55-B60D-3BE60A51CA5F}.EasyTest|Any CPU.Build.0 = EasyTest|Any CPU
		{46D1576C-8B00-4F55-B60D-3BE60A51CA5F}.Release|Any CPU.ActiveCfg = Release|Any CPU
		{46D1576C-8B00-4F55-B60D-3BE60A51CA5F}.Release|Any CPU.Build.0 = Release|Any CPU
		{7AEB7A9D-08BD-4343-8261-F58A0C8878B3}.Debug|Any CPU.ActiveCfg = Debug|Any CPU
		{7AEB7A9D-08BD-4343-8261-F58A0C8878B3}.Debug|Any CPU.Build.0 = Debug|Any CPU
		{7AEB7A9D-08BD-4343-8261-F58A0C8878B3}.EasyTest|Any CPU.ActiveCfg = EasyTest|Any CPU
		{7AEB7A9D-08BD-4343-8261-F58A0C8878B3}.EasyTest|Any CPU.Build.0 = EasyTest|Any CPU
		{7AEB7A9D-08BD-4343-8261-F58A0C8878B3}.Release|Any CPU.ActiveCfg = Release|Any CPU
		{7AEB7A9D-08BD-4343-8261-F58A0C8878B3}.Release|Any CPU.Build.0 = Release|Any CPU
		{3E8A648D-53C3-4E76-939A-DD129550404C}.Debug|Any CPU.ActiveCfg = Debug|Any CPU
		{3E8A648D-53C3-4E76-939A-DD129550404C}.Debug|Any CPU.Build.0 = Debug|Any CPU
		{3E8A648D-53C3-4E76-939A-DD129550404C}.EasyTest|Any CPU.ActiveCfg = EasyTest|Any CPU
		{3E8A648D-53C3-4E76-939A-DD129550404C}.EasyTest|Any CPU.Build.0 = EasyTest|Any CPU
		{3E8A648D-53C3-4E76-939A-DD129550404C}.Release|Any CPU.ActiveCfg = Release|Any CPU
		{3E8A648D-53C3-4E76-939A-DD129550404C}.Release|Any CPU.Build.0 = Release|Any CPU
	EndGlobalSection
	GlobalSection(SolutionProperties) = preSolution
		HideSolutionNode = FALSE
	EndGlobalSection
	GlobalSection(ExtensibilityGlobals) = postSolution
		SolutionGuid = {442548FE-4CC9-424A-BF82-0BCA256E998E}
	EndGlobalSection
EndGlobal
